// !$*UTF8*$!
{
	archiveVersion = 1;
	classes = {
	};
	objectVersion = 48;
	objects = {

/* Begin PBXBuildFile section */
		7DD1FC352009354B003B969B /* AppDelegate.swift in Sources */ = {isa = PBXBuildFile; fileRef = 7DD1FC342009354B003B969B /* AppDelegate.swift */; };
		7DD1FC372009354C003B969B /* ViewController.swift in Sources */ = {isa = PBXBuildFile; fileRef = 7DD1FC362009354C003B969B /* ViewController.swift */; };
		7DD1FC3A2009354C003B969B /* Main.storyboard in Resources */ = {isa = PBXBuildFile; fileRef = 7DD1FC382009354C003B969B /* Main.storyboard */; };
		7DD1FC3C2009354C003B969B /* Assets.xcassets in Resources */ = {isa = PBXBuildFile; fileRef = 7DD1FC3B2009354C003B969B /* Assets.xcassets */; };
		7DD1FC3F2009354C003B969B /* LaunchScreen.storyboard in Resources */ = {isa = PBXBuildFile; fileRef = 7DD1FC3D2009354C003B969B /* LaunchScreen.storyboard */; };
		7DD1FC4A2009354C003B969B /* TipCalcTests.swift in Sources */ = {isa = PBXBuildFile; fileRef = 7DD1FC492009354C003B969B /* TipCalcTests.swift */; };
		7DD1FC552009354C003B969B /* TipCalcUITests.swift in Sources */ = {isa = PBXBuildFile; fileRef = 7DD1FC542009354C003B969B /* TipCalcUITests.swift */; };
/* End PBXBuildFile section */

/* Begin PBXContainerItemProxy section */
		7DD1FC462009354C003B969B /* PBXContainerItemProxy */ = {
			isa = PBXContainerItemProxy;
			containerPortal = 7DD1FC292009354B003B969B /* Project object */;
			proxyType = 1;
			remoteGlobalIDString = 7DD1FC302009354B003B969B;
			remoteInfo = TipCalc;
		};
		7DD1FC512009354C003B969B /* PBXContainerItemProxy */ = {
			isa = PBXContainerItemProxy;
			containerPortal = 7DD1FC292009354B003B969B /* Project object */;
			proxyType = 1;
			remoteGlobalIDString = 7DD1FC302009354B003B969B;
			remoteInfo = TipCalc;
		};
/* End PBXContainerItemProxy section */

/* Begin PBXFileReference section */
		7DD1FC312009354B003B969B /* TipCalc.app */ = {isa = PBXFileReference; explicitFileType = wrapper.application; includeInIndex = 0; path = TipCalc.app; sourceTree = BUILT_PRODUCTS_DIR; };
		7DD1FC342009354B003B969B /* AppDelegate.swift */ = {isa = PBXFileReference; lastKnownFileType = sourcecode.swift; path = AppDelegate.swift; sourceTree = "<group>"; };
		7DD1FC362009354C003B969B /* ViewController.swift */ = {isa = PBXFileReference; lastKnownFileType = sourcecode.swift; path = ViewController.swift; sourceTree = "<group>"; };
		7DD1FC392009354C003B969B /* Base */ = {isa = PBXFileReference; lastKnownFileType = file.storyboard; name = Base; path = Base.lproj/Main.storyboard; sourceTree = "<group>"; };
		7DD1FC3B2009354C003B969B /* Assets.xcassets */ = {isa = PBXFileReference; lastKnownFileType = folder.assetcatalog; path = Assets.xcassets; sourceTree = "<group>"; };
		7DD1FC3E2009354C003B969B /* Base */ = {isa = PBXFileReference; lastKnownFileType = file.storyboard; name = Base; path = Base.lproj/LaunchScreen.storyboard; sourceTree = "<group>"; };
		7DD1FC402009354C003B969B /* Info.plist */ = {isa = PBXFileReference; lastKnownFileType = text.plist.xml; path = Info.plist; sourceTree = "<group>"; };
		7DD1FC452009354C003B969B /* TipCalcTests.xctest */ = {isa = PBXFileReference; explicitFileType = wrapper.cfbundle; includeInIndex = 0; path = TipCalcTests.xctest; sourceTree = BUILT_PRODUCTS_DIR; };
		7DD1FC492009354C003B969B /* TipCalcTests.swift */ = {isa = PBXFileReference; lastKnownFileType = sourcecode.swift; path = TipCalcTests.swift; sourceTree = "<group>"; };
		7DD1FC4B2009354C003B969B /* Info.plist */ = {isa = PBXFileReference; lastKnownFileType = text.plist.xml; path = Info.plist; sourceTree = "<group>"; };
		7DD1FC502009354C003B969B /* TipCalcUITests.xctest */ = {isa = PBXFileReference; explicitFileType = wrapper.cfbundle; includeInIndex = 0; path = TipCalcUITests.xctest; sourceTree = BUILT_PRODUCTS_DIR; };
		7DD1FC542009354C003B969B /* TipCalcUITests.swift */ = {isa = PBXFileReference; lastKnownFileType = sourcecode.swift; path = TipCalcUITests.swift; sourceTree = "<group>"; };
		7DD1FC562009354C003B969B /* Info.plist */ = {isa = PBXFileReference; lastKnownFileType = text.plist.xml; path = Info.plist; sourceTree = "<group>"; };
/* End PBXFileReference section */

/* Begin PBXFrameworksBuildPhase section */
		7DD1FC2E2009354B003B969B /* Frameworks */ = {
			isa = PBXFrameworksBuildPhase;
			buildActionMask = 2147483647;
			files = (
			);
			runOnlyForDeploymentPostprocessing = 0;
		};
		7DD1FC422009354C003B969B /* Frameworks */ = {
			isa = PBXFrameworksBuildPhase;
			buildActionMask = 2147483647;
			files = (
			);
			runOnlyForDeploymentPostprocessing = 0;
		};
		7DD1FC4D2009354C003B969B /* Frameworks */ = {
			isa = PBXFrameworksBuildPhase;
			buildActionMask = 2147483647;
			files = (
			);
			runOnlyForDeploymentPostprocessing = 0;
		};
/* End PBXFrameworksBuildPhase section */

/* Begin PBXGroup section */
		7DD1FC282009354B003B969B = {
			isa = PBXGroup;
			children = (
				7DD1FC332009354B003B969B /* TipCalc */,
				7DD1FC482009354C003B969B /* TipCalcTests */,
				7DD1FC532009354C003B969B /* TipCalcUITests */,
				7DD1FC322009354B003B969B /* Products */,
			);
			sourceTree = "<group>";
		};
		7DD1FC322009354B003B969B /* Products */ = {
			isa = PBXGroup;
			children = (
				7DD1FC312009354B003B969B /* TipCalc.app */,
				7DD1FC452009354C003B969B /* TipCalcTests.xctest */,
				7DD1FC502009354C003B969B /* TipCalcUITests.xctest */,
			);
			name = Products;
			sourceTree = "<group>";
		};
		7DD1FC332009354B003B969B /* TipCalc */ = {
			isa = PBXGroup;
			children = (
				7DD1FC342009354B003B969B /* AppDelegate.swift */,
				7DD1FC362009354C003B969B /* ViewController.swift */,
				7DD1FC382009354C003B969B /* Main.storyboard */,
				7DD1FC3B2009354C003B969B /* Assets.xcassets */,
				7DD1FC3D2009354C003B969B /* LaunchScreen.storyboard */,
				7DD1FC402009354C003B969B /* Info.plist */,
			);
			path = TipCalc;
			sourceTree = "<group>";
		};
		7DD1FC482009354C003B969B /* TipCalcTests */ = {
			isa = PBXGroup;
			children = (
				7DD1FC492009354C003B969B /* TipCalcTests.swift */,
				7DD1FC4B2009354C003B969B /* Info.plist */,
			);
			path = TipCalcTests;
			sourceTree = "<group>";
		};
		7DD1FC532009354C003B969B /* TipCalcUITests */ = {
			isa = PBXGroup;
			children = (
				7DD1FC542009354C003B969B /* TipCalcUITests.swift */,
				7DD1FC562009354C003B969B /* Info.plist */,
			);
			path = TipCalcUITests;
			sourceTree = "<group>";
		};
/* End PBXGroup section */

/* Begin PBXNativeTarget section */
		7DD1FC302009354B003B969B /* TipCalc */ = {
			isa = PBXNativeTarget;
			buildConfigurationList = 7DD1FC592009354C003B969B /* Build configuration list for PBXNativeTarget "TipCalc" */;
			buildPhases = (
				7DD1FC2D2009354B003B969B /* Sources */,
				7DD1FC2E2009354B003B969B /* Frameworks */,
				7DD1FC2F2009354B003B969B /* Resources */,
			);
			buildRules = (
			);
			dependencies = (
			);
			name = TipCalc;
			productName = TipCalc;
			productReference = 7DD1FC312009354B003B969B /* TipCalc.app */;
			productType = "com.apple.product-type.application";
		};
		7DD1FC442009354C003B969B /* TipCalcTests */ = {
			isa = PBXNativeTarget;
			buildConfigurationList = 7DD1FC5C2009354C003B969B /* Build configuration list for PBXNativeTarget "TipCalcTests" */;
			buildPhases = (
				7DD1FC412009354C003B969B /* Sources */,
				7DD1FC422009354C003B969B /* Frameworks */,
				7DD1FC432009354C003B969B /* Resources */,
			);
			buildRules = (
			);
			dependencies = (
				7DD1FC472009354C003B969B /* PBXTargetDependency */,
			);
			name = TipCalcTests;
			productName = TipCalcTests;
			productReference = 7DD1FC452009354C003B969B /* TipCalcTests.xctest */;
			productType = "com.apple.product-type.bundle.unit-test";
		};
		7DD1FC4F2009354C003B969B /* TipCalcUITests */ = {
			isa = PBXNativeTarget;
			buildConfigurationList = 7DD1FC5F2009354C003B969B /* Build configuration list for PBXNativeTarget "TipCalcUITests" */;
			buildPhases = (
				7DD1FC4C2009354C003B969B /* Sources */,
				7DD1FC4D2009354C003B969B /* Frameworks */,
				7DD1FC4E2009354C003B969B /* Resources */,
			);
			buildRules = (
			);
			dependencies = (
				7DD1FC522009354C003B969B /* PBXTargetDependency */,
			);
			name = TipCalcUITests;
			productName = TipCalcUITests;
			productReference = 7DD1FC502009354C003B969B /* TipCalcUITests.xctest */;
			productType = "com.apple.product-type.bundle.ui-testing";
		};
/* End PBXNativeTarget section */

/* Begin PBXProject section */
		7DD1FC292009354B003B969B /* Project object */ = {
			isa = PBXProject;
			attributes = {
				LastSwiftUpdateCheck = 0920;
				LastUpgradeCheck = 0920;
				ORGANIZATIONNAME = "Pranaya Adhikari";
				TargetAttributes = {
					7DD1FC302009354B003B969B = {
						CreatedOnToolsVersion = 9.2;
						ProvisioningStyle = Automatic;
					};
					7DD1FC442009354C003B969B = {
						CreatedOnToolsVersion = 9.2;
						ProvisioningStyle = Automatic;
						TestTargetID = 7DD1FC302009354B003B969B;
					};
					7DD1FC4F2009354C003B969B = {
						CreatedOnToolsVersion = 9.2;
						ProvisioningStyle = Automatic;
						TestTargetID = 7DD1FC302009354B003B969B;
					};
				};
			};
			buildConfigurationList = 7DD1FC2C2009354B003B969B /* Build configuration list for PBXProject "TipCalc" */;
			compatibilityVersion = "Xcode 8.0";
			developmentRegion = en;
			hasScannedForEncodings = 0;
			knownRegions = (
				en,
				Base,
			);
			mainGroup = 7DD1FC282009354B003B969B;
			productRefGroup = 7DD1FC322009354B003B969B /* Products */;
			projectDirPath = "";
			projectRoot = "";
			targets = (
				7DD1FC302009354B003B969B /* TipCalc */,
				7DD1FC442009354C003B969B /* TipCalcTests */,
				7DD1FC4F2009354C003B969B /* TipCalcUITests */,
			);
		};
/* End PBXProject section */

/* Begin PBXResourcesBuildPhase section */
		7DD1FC2F2009354B003B969B /* Resources */ = {
			isa = PBXResourcesBuildPhase;
			buildActionMask = 2147483647;
			files = (
				7DD1FC3F2009354C003B969B /* LaunchScreen.storyboard in Resources */,
				7DD1FC3C2009354C003B969B /* Assets.xcassets in Resources */,
				7DD1FC3A2009354C003B969B /* Main.storyboard in Resources */,
			);
			runOnlyForDeploymentPostprocessing = 0;
		};
		7DD1FC432009354C003B969B /* Resources */ = {
			isa = PBXResourcesBuildPhase;
			buildActionMask = 2147483647;
			files = (
			);
			runOnlyForDeploymentPostprocessing = 0;
		};
		7DD1FC4E2009354C003B969B /* Resources */ = {
			isa = PBXResourcesBuildPhase;
			buildActionMask = 2147483647;
			files = (
			);
			runOnlyForDeploymentPostprocessing = 0;
		};
/* End PBXResourcesBuildPhase section */

/* Begin PBXSourcesBuildPhase section */
		7DD1FC2D2009354B003B969B /* Sources */ = {
			isa = PBXSourcesBuildPhase;
			buildActionMask = 2147483647;
			files = (
				7DD1FC372009354C003B969B /* ViewController.swift in Sources */,
				7DD1FC352009354B003B969B /* AppDelegate.swift in Sources */,
			);
			runOnlyForDeploymentPostprocessing = 0;
		};
		7DD1FC412009354C003B969B /* Sources */ = {
			isa = PBXSourcesBuildPhase;
			buildActionMask = 2147483647;
			files = (
				7DD1FC4A2009354C003B969B /* TipCalcTests.swift in Sources */,
			);
			runOnlyForDeploymentPostprocessing = 0;
		};
		7DD1FC4C2009354C003B969B /* Sources */ = {
			isa = PBXSourcesBuildPhase;
			buildActionMask = 2147483647;
			files = (
				7DD1FC552009354C003B969B /* TipCalcUITests.swift in Sources */,
			);
			runOnlyForDeploymentPostprocessing = 0;
		};
/* End PBXSourcesBuildPhase section */

/* Begin PBXTargetDependency section */
		7DD1FC472009354C003B969B /* PBXTargetDependency */ = {
			isa = PBXTargetDependency;
			target = 7DD1FC302009354B003B969B /* TipCalc */;
			targetProxy = 7DD1FC462009354C003B969B /* PBXContainerItemProxy */;
		};
		7DD1FC522009354C003B969B /* PBXTargetDependency */ = {
			isa = PBXTargetDependency;
			target = 7DD1FC302009354B003B969B /* TipCalc */;
			targetProxy = 7DD1FC512009354C003B969B /* PBXContainerItemProxy */;
		};
/* End PBXTargetDependency section */

/* Begin PBXVariantGroup section */
		7DD1FC382009354C003B969B /* Main.storyboard */ = {
			isa = PBXVariantGroup;
			children = (
				7DD1FC392009354C003B969B /* Base */,
			);
			name = Main.storyboard;
			sourceTree = "<group>";
		};
		7DD1FC3D2009354C003B969B /* LaunchScreen.storyboard */ = {
			isa = PBXVariantGroup;
			children = (
				7DD1FC3E2009354C003B969B /* Base */,
			);
			name = LaunchScreen.storyboard;
			sourceTree = "<group>";
		};
/* End PBXVariantGroup section */

/* Begin XCBuildConfiguration section */
		7DD1FC572009354C003B969B /* Debug */ = {
			isa = XCBuildConfiguration;
			buildSettings = {
				ALWAYS_SEARCH_USER_PATHS = NO;
				CLANG_ANALYZER_NONNULL = YES;
				CLANG_ANALYZER_NUMBER_OBJECT_CONVERSION = YES_AGGRESSIVE;
				CLANG_CXX_LANGUAGE_STANDARD = "gnu++14";
				CLANG_CXX_LIBRARY = "libc++";
				CLANG_ENABLE_MODULES = YES;
				CLANG_ENABLE_OBJC_ARC = YES;
				CLANG_WARN_BLOCK_CAPTURE_AUTORELEASING = YES;
				CLANG_WARN_BOOL_CONVERSION = YES;
				CLANG_WARN_COMMA = YES;
				CLANG_WARN_CONSTANT_CONVERSION = YES;
				CLANG_WARN_DIRECT_OBJC_ISA_USAGE = YES_ERROR;
				CLANG_WARN_DOCUMENTATION_COMMENTS = YES;
				CLANG_WARN_EMPTY_BODY = YES;
				CLANG_WARN_ENUM_CONVERSION = YES;
				CLANG_WARN_INFINITE_RECURSION = YES;
				CLANG_WARN_INT_CONVERSION = YES;
				CLANG_WARN_NON_LITERAL_NULL_CONVERSION = YES;
				CLANG_WARN_OBJC_LITERAL_CONVERSION = YES;
				CLANG_WARN_OBJC_ROOT_CLASS = YES_ERROR;
				CLANG_WARN_RANGE_LOOP_ANALYSIS = YES;
				CLANG_WARN_STRICT_PROTOTYPES = YES;
				CLANG_WARN_SUSPICIOUS_MOVE = YES;
				CLANG_WARN_UNGUARDED_AVAILABILITY = YES_AGGRESSIVE;
				CLANG_WARN_UNREACHABLE_CODE = YES;
				CLANG_WARN__DUPLICATE_METHOD_MATCH = YES;
				CODE_SIGN_IDENTITY = "iPhone Developer";
				COPY_PHASE_STRIP = NO;
				DEBUG_INFORMATION_FORMAT = dwarf;
				ENABLE_STRICT_OBJC_MSGSEND = YES;
				ENABLE_TESTABILITY = YES;
				GCC_C_LANGUAGE_STANDARD = gnu11;
				GCC_DYNAMIC_NO_PIC = NO;
				GCC_NO_COMMON_BLOCKS = YES;
				GCC_OPTIMIZATION_LEVEL = 0;
				GCC_PREPROCESSOR_DEFINITIONS = (
					"DEBUG=1",
					"$(inherited)",
				);
				GCC_WARN_64_TO_32_BIT_CONVERSION = YES;
				GCC_WARN_ABOUT_RETURN_TYPE = YES_ERROR;
				GCC_WARN_UNDECLARED_SELECTOR = YES;
				GCC_WARN_UNINITIALIZED_AUTOS = YES_AGGRESSIVE;
				GCC_WARN_UNUSED_FUNCTION = YES;
				GCC_WARN_UNUSED_VARIABLE = YES;
				IPHONEOS_DEPLOYMENT_TARGET = 11.2;
				MTL_ENABLE_DEBUG_INFO = YES;
				ONLY_ACTIVE_ARCH = YES;
				SDKROOT = iphoneos;
				SWIFT_ACTIVE_COMPILATION_CONDITIONS = DEBUG;
				SWIFT_OPTIMIZATION_LEVEL = "-Onone";
			};
			name = Debug;
		};
		7DD1FC582009354C003B969B /* Release */ = {
			isa = XCBuildConfiguration;
			buildSettings = {
				ALWAYS_SEARCH_USER_PATHS = NO;
				CLANG_ANALYZER_NONNULL = YES;
				CLANG_ANALYZER_NUMBER_OBJECT_CONVERSION = YES_AGGRESSIVE;
				CLANG_CXX_LANGUAGE_STANDARD = "gnu++14";
				CLANG_CXX_LIBRARY = "libc++";
				CLANG_ENABLE_MODULES = YES;
				CLANG_ENABLE_OBJC_ARC = YES;
				CLANG_WARN_BLOCK_CAPTURE_AUTORELEASING = YES;
				CLANG_WARN_BOOL_CONVERSION = YES;
				CLANG_WARN_COMMA = YES;
				CLANG_WARN_CONSTANT_CONVERSION = YES;
				CLANG_WARN_DIRECT_OBJC_ISA_USAGE = YES_ERROR;
				CLANG_WARN_DOCUMENTATION_COMMENTS = YES;
				CLANG_WARN_EMPTY_BODY = YES;
				CLANG_WARN_ENUM_CONVERSION = YES;
				CLANG_WARN_INFINITE_RECURSION = YES;
				CLANG_WARN_INT_CONVERSION = YES;
				CLANG_WARN_NON_LITERAL_NULL_CONVERSION = YES;
				CLANG_WARN_OBJC_LITERAL_CONVERSION = YES;
				CLANG_WARN_OBJC_ROOT_CLASS = YES_ERROR;
				CLANG_WARN_RANGE_LOOP_ANALYSIS = YES;
				CLANG_WARN_STRICT_PROTOTYPES = YES;
				CLANG_WARN_SUSPICIOUS_MOVE = YES;
				CLANG_WARN_UNGUARDED_AVAILABILITY = YES_AGGRESSIVE;
				CLANG_WARN_UNREACHABLE_CODE = YES;
				CLANG_WARN__DUPLICATE_METHOD_MATCH = YES;
				CODE_SIGN_IDENTITY = "iPhone Developer";
				COPY_PHASE_STRIP = NO;
				DEBUG_INFORMATION_FORMAT = "dwarf-with-dsym";
				ENABLE_NS_ASSERTIONS = NO;
				ENABLE_STRICT_OBJC_MSGSEND = YES;
				GCC_C_LANGUAGE_STANDARD = gnu11;
				GCC_NO_COMMON_BLOCKS = YES;
				GCC_WARN_64_TO_32_BIT_CONVERSION = YES;
				GCC_WARN_ABOUT_RETURN_TYPE = YES_ERROR;
				GCC_WARN_UNDECLARED_SELECTOR = YES;
				GCC_WARN_UNINITIALIZED_AUTOS = YES_AGGRESSIVE;
				GCC_WARN_UNUSED_FUNCTION = YES;
				GCC_WARN_UNUSED_VARIABLE = YES;
				IPHONEOS_DEPLOYMENT_TARGET = 11.2;
				MTL_ENABLE_DEBUG_INFO = NO;
				SDKROOT = iphoneos;
				SWIFT_OPTIMIZATION_LEVEL = "-Owholemodule";
				VALIDATE_PRODUCT = YES;
			};
			name = Release;
		};
		7DD1FC5A2009354C003B969B /* Debug */ = {
			isa = XCBuildConfiguration;
			buildSettings = {
				ASSETCATALOG_COMPILER_APPICON_NAME = AppIcon;
				CODE_SIGN_STYLE = Automatic;
				INFOPLIST_FILE = TipCalc/Info.plist;
				LD_RUNPATH_SEARCH_PATHS = "$(inherited) @executable_path/Frameworks";
				PRODUCT_BUNDLE_IDENTIFIER = com.codepath.TipCalc;
				PRODUCT_NAME = "$(TARGET_NAME)";
				SWIFT_VERSION = 4.0;
				TARGETED_DEVICE_FAMILY = "1,2";
			};
			name = Debug;
		};
		7DD1FC5B2009354C003B969B /* Release */ = {
			isa = XCBuildConfiguration;
			buildSettings = {
				ASSETCATALOG_COMPILER_APPICON_NAME = AppIcon;
				CODE_SIGN_STYLE = Automatic;
				INFOPLIST_FILE = TipCalc/Info.plist;
				LD_RUNPATH_SEARCH_PATHS = "$(inherited) @executable_path/Frameworks";
				PRODUCT_BUNDLE_IDENTIFIER = com.codepath.TipCalc;
				PRODUCT_NAME = "$(TARGET_NAME)";
				SWIFT_VERSION = 4.0;
				TARGETED_DEVICE_FAMILY = "1,2";
			};
			name = Release;
		};
		7DD1FC5D2009354C003B969B /* Debug */ = {
			isa = XCBuildConfiguration;
			buildSettings = {
				ALWAYS_EMBED_SWIFT_STANDARD_LIBRARIES = YES;
				BUNDLE_LOADER = "$(TEST_HOST)";
				CODE_SIGN_STYLE = Automatic;
				INFOPLIST_FILE = TipCalcTests/Info.plist;
				LD_RUNPATH_SEARCH_PATHS = "$(inherited) @executable_path/Frameworks @loader_path/Frameworks";
				PRODUCT_BUNDLE_IDENTIFIER = com.codepath.TipCalcTests;
				PRODUCT_NAME = "$(TARGET_NAME)";
				SWIFT_VERSION = 4.0;
				TARGETED_DEVICE_FAMILY = "1,2";
				TEST_HOST = "$(BUILT_PRODUCTS_DIR)/TipCalc.app/TipCalc";
			};
			name = Debug;
		};
		7DD1FC5E2009354C003B969B /* Release */ = {
			isa = XCBuildConfiguration;
			buildSettings = {
				ALWAYS_EMBED_SWIFT_STANDARD_LIBRARIES = YES;
				BUNDLE_LOADER = "$(TEST_HOST)";
				CODE_SIGN_STYLE = Automatic;
				INFOPLIST_FILE = TipCalcTests/Info.plist;
				LD_RUNPATH_SEARCH_PATHS = "$(inherited) @executable_path/Frameworks @loader_path/Frameworks";
				PRODUCT_BUNDLE_IDENTIFIER = com.codepath.TipCalcTests;
				PRODUCT_NAME = "$(TARGET_NAME)";
				SWIFT_VERSION = 4.0;
				TARGETED_DEVICE_FAMILY = "1,2";
				TEST_HOST = "$(BUILT_PRODUCTS_DIR)/TipCalc.app/TipCalc";
			};
			name = Release;
		};
		7DD1FC602009354C003B969B /* Debug */ = {
			isa = XCBuildConfiguration;
			buildSettings = {
				ALWAYS_EMBED_SWIFT_STANDARD_LIBRARIES = YES;
				CODE_SIGN_STYLE = Automatic;
				INFOPLIST_FILE = TipCalcUITests/Info.plist;
				LD_RUNPATH_SEARCH_PATHS = "$(inherited) @executable_path/Frameworks @loader_path/Frameworks";
				PRODUCT_BUNDLE_IDENTIFIER = com.codepath.TipCalcUITests;
				PRODUCT_NAME = "$(TARGET_NAME)";
				SWIFT_VERSION = 4.0;
				TARGETED_DEVICE_FAMILY = "1,2";
				TEST_TARGET_NAME = TipCalc;
			};
			name = Debug;
		};
		7DD1FC612009354C003B969B /* Release */ = {
			isa = XCBuildConfiguration;
			buildSettings = {
				ALWAYS_EMBED_SWIFT_STANDARD_LIBRARIES = YES;
				CODE_SIGN_STYLE = Automatic;
				INFOPLIST_FILE = TipCalcUITests/Info.plist;
				LD_RUNPATH_SEARCH_PATHS = "$(inherited) @executable_path/Frameworks @loader_path/Frameworks";
				PRODUCT_BUNDLE_IDENTIFIER = com.codepath.TipCalcUITests;
				PRODUCT_NAME = "$(TARGET_NAME)";
				SWIFT_VERSION = 4.0;
				TARGETED_DEVICE_FAMILY = "1,2";
				TEST_TARGET_NAME = TipCalc;
			};
			name = Release;
		};
/* End XCBuildConfiguration section */

/* Begin XCConfigurationList section */
		7DD1FC2C2009354B003B969B /* Build configuration list for PBXProject "TipCalc" */ = {
			isa = XCConfigurationList;
			buildConfigurations = (
				7DD1FC572009354C003B969B /* Debug */,
				7DD1FC582009354C003B969B /* Release */,
			);
			defaultConfigurationIsVisible = 0;
			defaultConfigurationName = Release;
		};
		7DD1FC592009354C003B969B /* Build configuration list for PBXNativeTarget "TipCalc" */ = {
			isa = XCConfigurationList;
			buildConfigurations = (
				7DD1FC5A2009354C003B969B /* Debug */,
				7DD1FC5B2009354C003B969B /* Release */,
			);
			defaultConfigurationIsVisible = 0;
			defaultConfigurationName = Release;
		};
		7DD1FC5C2009354C003B969B /* Build configuration list for PBXNativeTarget "TipCalcTests" */ = {
			isa = XCConfigurationList;
			buildConfigurations = (
				7DD1FC5D2009354C003B969B /* Debug */,
				7DD1FC5E2009354C003B969B /* Release */,
			);
			defaultConfigurationIsVisible = 0;
			defaultConfigurationName = Release;
		};
		7DD1FC5F2009354C003B969B /* Build configuration list for PBXNativeTarget "TipCalcUITests" */ = {
			isa = XCConfigurationList;
			buildConfigurations = (
				7DD1FC602009354C003B969B /* Debug */,
				7DD1FC612009354C003B969B /* Release */,
			);
			defaultConfigurationIsVisible = 0;
			defaultConfigurationName = Release;
		};
/* End XCConfigurationList section */
	};
	rootObject = 7DD1FC292009354B003B969B /* Project object */;
}
